// !$*UTF8*$!
{
	archiveVersion = 1;
	classes = {
	};
	objectVersion = 50;
	objects = {

/* Begin PBXBuildFile section */
		CCCE41D322C0BE2B002F452E /* AppDelegate.swift in Sources */ = {isa = PBXBuildFile; fileRef = CCCE41D222C0BE2B002F452E /* AppDelegate.swift */; };
		CCCE41D522C0BE2B002F452E /* ViewController.swift in Sources */ = {isa = PBXBuildFile; fileRef = CCCE41D422C0BE2B002F452E /* ViewController.swift */; };
		CCCE41D822C0BE2B002F452E /* Main.storyboard in Resources */ = {isa = PBXBuildFile; fileRef = CCCE41D622C0BE2B002F452E /* Main.storyboard */; };
		CCCE41DA22C0BE2C002F452E /* Assets.xcassets in Resources */ = {isa = PBXBuildFile; fileRef = CCCE41D922C0BE2C002F452E /* Assets.xcassets */; };
		CCCE41DD22C0BE2C002F452E /* LaunchScreen.storyboard in Resources */ = {isa = PBXBuildFile; fileRef = CCCE41DB22C0BE2C002F452E /* LaunchScreen.storyboard */; };
		CCCE41E622C0BE41002F452E /* libsqlite3.tbd in Frameworks */ = {isa = PBXBuildFile; fileRef = CCCE41E522C0BE41002F452E /* libsqlite3.tbd */; };
		CCCE41EB22C0CE6E002F452E /* db.sqlite in Resources */ = {isa = PBXBuildFile; fileRef = CCCE41EA22C0CE6E002F452E /* db.sqlite */; };
/* End PBXBuildFile section */

/* Begin PBXFileReference section */
		CCCE41CF22C0BE2B002F452E /* sqlite3-test.app */ = {isa = PBXFileReference; explicitFileType = wrapper.application; includeInIndex = 0; path = "sqlite3-test.app"; sourceTree = BUILT_PRODUCTS_DIR; };
		CCCE41D222C0BE2B002F452E /* AppDelegate.swift */ = {isa = PBXFileReference; lastKnownFileType = sourcecode.swift; path = AppDelegate.swift; sourceTree = "<group>"; };
		CCCE41D422C0BE2B002F452E /* ViewController.swift */ = {isa = PBXFileReference; lastKnownFileType = sourcecode.swift; path = ViewController.swift; sourceTree = "<group>"; };
		CCCE41D722C0BE2B002F452E /* Base */ = {isa = PBXFileReference; lastKnownFileType = file.storyboard; name = Base; path = Base.lproj/Main.storyboard; sourceTree = "<group>"; };
		CCCE41D922C0BE2C002F452E /* Assets.xcassets */ = {isa = PBXFileReference; lastKnownFileType = folder.assetcatalog; path = Assets.xcassets; sourceTree = "<group>"; };
		CCCE41DC22C0BE2C002F452E /* Base */ = {isa = PBXFileReference; lastKnownFileType = file.storyboard; name = Base; path = Base.lproj/LaunchScreen.storyboard; sourceTree = "<group>"; };
		CCCE41DE22C0BE2C002F452E /* Info.plist */ = {isa = PBXFileReference; lastKnownFileType = text.plist.xml; path = Info.plist; sourceTree = "<group>"; };
		CCCE41E522C0BE41002F452E /* libsqlite3.tbd */ = {isa = PBXFileReference; lastKnownFileType = "sourcecode.text-based-dylib-definition"; name = libsqlite3.tbd; path = usr/lib/libsqlite3.tbd; sourceTree = SDKROOT; };
		CCCE41E722C0BE51002F452E /* sqlite3-test-Bridging-Header.h */ = {isa = PBXFileReference; lastKnownFileType = sourcecode.c.h; path = "sqlite3-test-Bridging-Header.h"; sourceTree = "<group>"; };
		CCCE41EA22C0CE6E002F452E /* db.sqlite */ = {isa = PBXFileReference; lastKnownFileType = file; path = db.sqlite; sourceTree = "<group>"; };
/* End PBXFileReference section */

/* Begin PBXFrameworksBuildPhase section */
		CCCE41CC22C0BE2B002F452E /* Frameworks */ = {
			isa = PBXFrameworksBuildPhase;
			buildActionMask = 2147483647;
			files = (
				CCCE41E622C0BE41002F452E /* libsqlite3.tbd in Frameworks */,
			);
			runOnlyForDeploymentPostprocessing = 0;
		};
/* End PBXFrameworksBuildPhase section */

/* Begin PBXGroup section */
		CCCE41C622C0BE2B002F452E = {
			isa = PBXGroup;
			children = (
				CCCE41D122C0BE2B002F452E /* sqlite3-test */,
				CCCE41D022C0BE2B002F452E /* Products */,
				CCCE41E422C0BE41002F452E /* Frameworks */,
			);
			sourceTree = "<group>";
		};
		CCCE41D022C0BE2B002F452E /* Products */ = {
			isa = PBXGroup;
			children = (
				CCCE41CF22C0BE2B002F452E /* sqlite3-test.app */,
			);
			name = Products;
			sourceTree = "<group>";
		};
		CCCE41D122C0BE2B002F452E /* sqlite3-test */ = {
			isa = PBXGroup;
			children = (
				CCCE41D222C0BE2B002F452E /* AppDelegate.swift */,
				CCCE41D422C0BE2B002F452E /* ViewController.swift */,
				CCCE41D622C0BE2B002F452E /* Main.storyboard */,
				CCCE41D922C0BE2C002F452E /* Assets.xcassets */,
				CCCE41DB22C0BE2C002F452E /* LaunchScreen.storyboard */,
				CCCE41DE22C0BE2C002F452E /* Info.plist */,
				CCCE41EA22C0CE6E002F452E /* db.sqlite */,
				CCCE41E722C0BE51002F452E /* sqlite3-test-Bridging-Header.h */,
			);
			path = "sqlite3-test";
			sourceTree = "<group>";
		};
		CCCE41E422C0BE41002F452E /* Frameworks */ = {
			isa = PBXGroup;
			children = (
				CCCE41E522C0BE41002F452E /* libsqlite3.tbd */,
			);
			name = Frameworks;
			sourceTree = "<group>";
		};
/* End PBXGroup section */

/* Begin PBXNativeTarget section */
		CCCE41CE22C0BE2B002F452E /* sqlite3-test */ = {
			isa = PBXNativeTarget;
			buildConfigurationList = CCCE41E122C0BE2C002F452E /* Build configuration list for PBXNativeTarget "sqlite3-test" */;
			buildPhases = (
				CCCE41CB22C0BE2B002F452E /* Sources */,
				CCCE41CC22C0BE2B002F452E /* Frameworks */,
				CCCE41CD22C0BE2B002F452E /* Resources */,
			);
			buildRules = (
			);
			dependencies = (
			);
			name = "sqlite3-test";
			productName = "sqlite3-test";
			productReference = CCCE41CF22C0BE2B002F452E /* sqlite3-test.app */;
			productType = "com.apple.product-type.application";
		};
/* End PBXNativeTarget section */

/* Begin PBXProject section */
		CCCE41C722C0BE2B002F452E /* Project object */ = {
			isa = PBXProject;
			attributes = {
				LastSwiftUpdateCheck = 1020;
				LastUpgradeCheck = 1020;
				ORGANIZATIONNAME = Yongwan;
				TargetAttributes = {
					CCCE41CE22C0BE2B002F452E = {
						CreatedOnToolsVersion = 10.2.1;
						LastSwiftMigration = 1020;
					};
				};
			};
			buildConfigurationList = CCCE41CA22C0BE2B002F452E /* Build configuration list for PBXProject "sqlite3-test" */;
			compatibilityVersion = "Xcode 9.3";
			developmentRegion = en;
			hasScannedForEncodings = 0;
			knownRegions = (
				en,
				Base,
			);
			mainGroup = CCCE41C622C0BE2B002F452E;
			productRefGroup = CCCE41D022C0BE2B002F452E /* Products */;
			projectDirPath = "";
			projectRoot = "";
			targets = (
				CCCE41CE22C0BE2B002F452E /* sqlite3-test */,
			);
		};
/* End PBXProject section */

/* Begin PBXResourcesBuildPhase section */
		CCCE41CD22C0BE2B002F452E /* Resources */ = {
			isa = PBXResourcesBuildPhase;
			buildActionMask = 2147483647;
			files = (
				CCCE41DD22C0BE2C002F452E /* LaunchScreen.storyboard in Resources */,
				CCCE41DA22C0BE2C002F452E /* Assets.xcassets in Resources */,
				CCCE41D822C0BE2B002F452E /* Main.storyboard in Resources */,
				CCCE41EB22C0CE6E002F452E /* db.sqlite in Resources */,
			);
			runOnlyForDeploymentPostprocessing = 0;
		};
/* End PBXResourcesBuildPhase section */

/* Begin PBXSourcesBuildPhase section */
		CCCE41CB22C0BE2B002F452E /* Sources */ = {
			isa = PBXSourcesBuildPhase;
			buildActionMask = 2147483647;
			files = (
				CCCE41D522C0BE2B002F452E /* ViewController.swift in Sources */,
				CCCE41D322C0BE2B002F452E /* AppDelegate.swift in Sources */,
			);
			runOnlyForDeploymentPostprocessing = 0;
		};
/* End PBXSourcesBuildPhase section */

/* Begin PBXVariantGroup section */
		CCCE41D622C0BE2B002F452E /* Main.storyboard */ = {
			isa = PBXVariantGroup;
			children = (
				CCCE41D722C0BE2B002F452E /* Base */,
			);
			name = Main.storyboard;
			sourceTree = "<group>";
		};
		CCCE41DB22C0BE2C002F452E /* LaunchScreen.storyboard */ = {
			isa = PBXVariantGroup;
			children = (
				CCCE41DC22C0BE2C002F452E /* Base */,
			);
			name = LaunchScreen.storyboard;
			sourceTree = "<group>";
		};
/* End PBXVariantGroup section */

/* Begin XCBuildConfiguration section */
		CCCE41DF22C0BE2C002F452E /* Debug */ = {
			isa = XCBuildConfiguration;
			buildSettings = {
				ALWAYS_SEARCH_USER_PATHS = NO;
				CLANG_ANALYZER_NONNULL = YES;
				CLANG_ANALYZER_NUMBER_OBJECT_CONVERSION = YES_AGGRESSIVE;
				CLANG_CXX_LANGUAGE_STANDARD = "gnu++14";
				CLANG_CXX_LIBRARY = "libc++";
				CLANG_ENABLE_MODULES = YES;
				CLANG_ENABLE_OBJC_ARC = YES;
				CLANG_ENABLE_OBJC_WEAK = YES;
				CLANG_WARN_BLOCK_CAPTURE_AUTORELEASING = YES;
				CLANG_WARN_BOOL_CONVERSION = YES;
				CLANG_WARN_COMMA = YES;
				CLANG_WARN_CONSTANT_CONVERSION = YES;
				CLANG_WARN_DEPRECATED_OBJC_IMPLEMENTATIONS = YES;
				CLANG_WARN_DIRECT_OBJC_ISA_USAGE = YES_ERROR;
				CLANG_WARN_DOCUMENTATION_COMMENTS = YES;
				CLANG_WARN_EMPTY_BODY = YES;
				CLANG_WARN_ENUM_CONVERSION = YES;
				CLANG_WARN_INFINITE_RECURSION = YES;
				CLANG_WARN_INT_CONVERSION = YES;
				CLANG_WARN_NON_LITERAL_NULL_CONVERSION = YES;
				CLANG_WARN_OBJC_IMPLICIT_RETAIN_SELF = YES;
				CLANG_WARN_OBJC_LITERAL_CONVERSION = YES;
				CLANG_WARN_OBJC_ROOT_CLASS = YES_ERROR;
				CLANG_WARN_RANGE_LOOP_ANALYSIS = YES;
				CLANG_WARN_STRICT_PROTOTYPES = YES;
				CLANG_WARN_SUSPICIOUS_MOVE = YES;
				CLANG_WARN_UNGUARDED_AVAILABILITY = YES_AGGRESSIVE;
				CLANG_WARN_UNREACHABLE_CODE = YES;
				CLANG_WARN__DUPLICATE_METHOD_MATCH = YES;
				CODE_SIGN_IDENTITY = "iPhone Developer";
				COPY_PHASE_STRIP = NO;
				DEBUG_INFORMATION_FORMAT = dwarf;
				ENABLE_STRICT_OBJC_MSGSEND = YES;
				ENABLE_TESTABILITY = YES;
				GCC_C_LANGUAGE_STANDARD = gnu11;
				GCC_DYNAMIC_NO_PIC = NO;
				GCC_NO_COMMON_BLOCKS = YES;
				GCC_OPTIMIZATION_LEVEL = 0;
				GCC_PREPROCESSOR_DEFINITIONS = (
					"DEBUG=1",
					"$(inherited)",
				);
				GCC_WARN_64_TO_32_BIT_CONVERSION = YES;
				GCC_WARN_ABOUT_RETURN_TYPE = YES_ERROR;
				GCC_WARN_UNDECLARED_SELECTOR = YES;
				GCC_WARN_UNINITIALIZED_AUTOS = YES_AGGRESSIVE;
				GCC_WARN_UNUSED_FUNCTION = YES;
				GCC_WARN_UNUSED_VARIABLE = YES;
				IPHONEOS_DEPLOYMENT_TARGET = 12.2;
				MTL_ENABLE_DEBUG_INFO = INCLUDE_SOURCE;
				MTL_FAST_MATH = YES;
				ONLY_ACTIVE_ARCH = YES;
				SDKROOT = iphoneos;
				SWIFT_ACTIVE_COMPILATION_CONDITIONS = DEBUG;
				SWIFT_OPTIMIZATION_LEVEL = "-Onone";
			};
			name = Debug;
		};
		CCCE41E022C0BE2C002F452E /* Release */ = {
			isa = XCBuildConfiguration;
			buildSettings = {
				ALWAYS_SEARCH_USER_PATHS = NO;
				CLANG_ANALYZER_NONNULL = YES;
				CLANG_ANALYZER_NUMBER_OBJECT_CONVERSION = YES_AGGRESSIVE;
				CLANG_CXX_LANGUAGE_STANDARD = "gnu++14";
				CLANG_CXX_LIBRARY = "libc++";
				CLANG_ENABLE_MODULES = YES;
				CLANG_ENABLE_OBJC_ARC = YES;
				CLANG_ENABLE_OBJC_WEAK = YES;
				CLANG_WARN_BLOCK_CAPTURE_AUTORELEASING = YES;
				CLANG_WARN_BOOL_CONVERSION = YES;
				CLANG_WARN_COMMA = YES;
				CLANG_WARN_CONSTANT_CONVERSION = YES;
				CLANG_WARN_DEPRECATED_OBJC_IMPLEMENTATIONS = YES;
				CLANG_WARN_DIRECT_OBJC_ISA_USAGE = YES_ERROR;
				CLANG_WARN_DOCUMENTATION_COMMENTS = YES;
				CLANG_WARN_EMPTY_BODY = YES;
				CLANG_WARN_ENUM_CONVERSION = YES;
				CLANG_WARN_INFINITE_RECURSION = YES;
				CLANG_WARN_INT_CONVERSION = YES;
				CLANG_WARN_NON_LITERAL_NULL_CONVERSION = YES;
				CLANG_WARN_OBJC_IMPLICIT_RETAIN_SELF = YES;
				CLANG_WARN_OBJC_LITERAL_CONVERSION = YES;
				CLANG_WARN_OBJC_ROOT_CLASS = YES_ERROR;
				CLANG_WARN_RANGE_LOOP_ANALYSIS = YES;
				CLANG_WARN_STRICT_PROTOTYPES = YES;
				CLANG_WARN_SUSPICIOUS_MOVE = YES;
				CLANG_WARN_UNGUARDED_AVAILABILITY = YES_AGGRESSIVE;
				CLANG_WARN_UNREACHABLE_CODE = YES;
				CLANG_WARN__DUPLICATE_METHOD_MATCH = YES;
				CODE_SIGN_IDENTITY = "iPhone Developer";
				COPY_PHASE_STRIP = NO;
				DEBUG_INFORMATION_FORMAT = "dwarf-with-dsym";
				ENABLE_NS_ASSERTIONS = NO;
				ENABLE_STRICT_OBJC_MSGSEND = YES;
				GCC_C_LANGUAGE_STANDARD = gnu11;
				GCC_NO_COMMON_BLOCKS = YES;
				GCC_WARN_64_TO_32_BIT_CONVERSION = YES;
				GCC_WARN_ABOUT_RETURN_TYPE = YES_ERROR;
				GCC_WARN_UNDECLARED_SELECTOR = YES;
				GCC_WARN_UNINITIALIZED_AUTOS = YES_AGGRESSIVE;
				GCC_WARN_UNUSED_FUNCTION = YES;
				GCC_WARN_UNUSED_VARIABLE = YES;
				IPHONEOS_DEPLOYMENT_TARGET = 12.2;
				MTL_ENABLE_DEBUG_INFO = NO;
				MTL_FAST_MATH = YES;
				SDKROOT = iphoneos;
				SWIFT_COMPILATION_MODE = wholemodule;
				SWIFT_OPTIMIZATION_LEVEL = "-O";
				VALIDATE_PRODUCT = YES;
			};
			name = Release;
		};
		CCCE41E222C0BE2C002F452E /* Debug */ = {
			isa = XCBuildConfiguration;
			buildSettings = {
				ASSETCATALOG_COMPILER_APPICON_NAME = AppIcon;
				CLANG_ENABLE_MODULES = YES;
				CODE_SIGN_STYLE = Automatic;
				INFOPLIST_FILE = "sqlite3-test/Info.plist";
				LD_RUNPATH_SEARCH_PATHS = (
					"$(inherited)",
					"@executable_path/Frameworks",
				);
				PRODUCT_BUNDLE_IDENTIFIER = "net.wan.sqlite3-test";
				PRODUCT_NAME = "$(TARGET_NAME)";
				SWIFT_OBJC_BRIDGING_HEADER = "sqlite3-test/sqlite3-test-Bridging-Header.h";
				SWIFT_OPTIMIZATION_LEVEL = "-Onone";
				SWIFT_VERSION = 5.0;
				TARGETED_DEVICE_FAMILY = "1,2";
			};
			name = Debug;
		};
		CCCE41E322C0BE2C002F452E /* Release */ = {
			isa = XCBuildConfiguration;
			buildSettings = {
				ASSETCATALOG_COMPILER_APPICON_NAME = AppIcon;
				CLANG_ENABLE_MODULES = YES;
				CODE_SIGN_STYLE = Automatic;
				INFOPLIST_FILE = "sqlite3-test/Info.plist";
				LD_RUNPATH_SEARCH_PATHS = (
					"$(inherited)",
					"@executable_path/Frameworks",
				);
				PRODUCT_BUNDLE_IDENTIFIER = "net.wan.sqlite3-test";
				PRODUCT_NAME = "$(TARGET_NAME)";
				SWIFT_OBJC_BRIDGING_HEADER = "sqlite3-test/sqlite3-test-Bridging-Header.h";
				SWIFT_VERSION = 5.0;
				TARGETED_DEVICE_FAMILY = "1,2";
			};
			name = Release;
		};
/* End XCBuildConfiguration section */

/* Begin XCConfigurationList section */
		CCCE41CA22C0BE2B002F452E /* Build configuration list for PBXProject "sqlite3-test" */ = {
			isa = XCConfigurationList;
			buildConfigurations = (
				CCCE41DF22C0BE2C002F452E /* Debug */,
				CCCE41E022C0BE2C002F452E /* Release */,
			);
			defaultConfigurationIsVisible = 0;
			defaultConfigurationName = Release;
		};
		CCCE41E122C0BE2C002F452E /* Build configuration list for PBXNativeTarget "sqlite3-test" */ = {
			isa = XCConfigurationList;
			buildConfigurations = (
				CCCE41E222C0BE2C002F452E /* Debug */,
				CCCE41E322C0BE2C002F452E /* Release */,
			);
			defaultConfigurationIsVisible = 0;
			defaultConfigurationName = Release;
		};
/* End XCConfigurationList section */
	};
	rootObject = CCCE41C722C0BE2B002F452E /* Project object */;
}
