// !$*UTF8*$!
{
	archiveVersion = 1;
	classes = {
	};
	objectVersion = 50;
	objects = {

/* Begin PBXBuildFile section */
		CC64ED1622AC3AA800EB5B14 /* AppDelegate.swift in Sources */ = {isa = PBXBuildFile; fileRef = CC64ED1522AC3AA800EB5B14 /* AppDelegate.swift */; };
		CC64ED1822AC3AA800EB5B14 /* ViewController.swift in Sources */ = {isa = PBXBuildFile; fileRef = CC64ED1722AC3AA800EB5B14 /* ViewController.swift */; };
		CC64ED1B22AC3AA800EB5B14 /* Main.storyboard in Resources */ = {isa = PBXBuildFile; fileRef = CC64ED1922AC3AA800EB5B14 /* Main.storyboard */; };
		CC64ED1D22AC3AA900EB5B14 /* Assets.xcassets in Resources */ = {isa = PBXBuildFile; fileRef = CC64ED1C22AC3AA900EB5B14 /* Assets.xcassets */; };
		CC64ED2022AC3AA900EB5B14 /* LaunchScreen.storyboard in Resources */ = {isa = PBXBuildFile; fileRef = CC64ED1E22AC3AA900EB5B14 /* LaunchScreen.storyboard */; };
		CC64ED2E22AC3AF900EB5B14 /* SWRevealViewController.m in Sources */ = {isa = PBXBuildFile; fileRef = CC64ED2C22AC3AF900EB5B14 /* SWRevealViewController.m */; };
		CC64ED3022AC3B4E00EB5B14 /* sidemenu.png in Resources */ = {isa = PBXBuildFile; fileRef = CC64ED2F22AC3B4E00EB5B14 /* sidemenu.png */; };
		CC64ED3322AC3BFE00EB5B14 /* FrontViewController.swift in Sources */ = {isa = PBXBuildFile; fileRef = CC64ED3222AC3BFE00EB5B14 /* FrontViewController.swift */; };
/* End PBXBuildFile section */

/* Begin PBXFileReference section */
		CC64ED1222AC3AA800EB5B14 /* SideBar.app */ = {isa = PBXFileReference; explicitFileType = wrapper.application; includeInIndex = 0; path = SideBar.app; sourceTree = BUILT_PRODUCTS_DIR; };
		CC64ED1522AC3AA800EB5B14 /* AppDelegate.swift */ = {isa = PBXFileReference; lastKnownFileType = sourcecode.swift; path = AppDelegate.swift; sourceTree = "<group>"; };
		CC64ED1722AC3AA800EB5B14 /* ViewController.swift */ = {isa = PBXFileReference; lastKnownFileType = sourcecode.swift; path = ViewController.swift; sourceTree = "<group>"; };
		CC64ED1A22AC3AA800EB5B14 /* Base */ = {isa = PBXFileReference; lastKnownFileType = file.storyboard; name = Base; path = Base.lproj/Main.storyboard; sourceTree = "<group>"; };
		CC64ED1C22AC3AA900EB5B14 /* Assets.xcassets */ = {isa = PBXFileReference; lastKnownFileType = folder.assetcatalog; path = Assets.xcassets; sourceTree = "<group>"; };
		CC64ED1F22AC3AA900EB5B14 /* Base */ = {isa = PBXFileReference; lastKnownFileType = file.storyboard; name = Base; path = Base.lproj/LaunchScreen.storyboard; sourceTree = "<group>"; };
		CC64ED2122AC3AA900EB5B14 /* Info.plist */ = {isa = PBXFileReference; lastKnownFileType = text.plist.xml; path = Info.plist; sourceTree = "<group>"; };
		CC64ED2B22AC3AF800EB5B14 /* SideBar-Bridging-Header.h */ = {isa = PBXFileReference; lastKnownFileType = sourcecode.c.h; path = "SideBar-Bridging-Header.h"; sourceTree = "<group>"; };
		CC64ED2C22AC3AF900EB5B14 /* SWRevealViewController.m */ = {isa = PBXFileReference; fileEncoding = 4; lastKnownFileType = sourcecode.c.objc; path = SWRevealViewController.m; sourceTree = "<group>"; };
		CC64ED2D22AC3AF900EB5B14 /* SWRevealViewController.h */ = {isa = PBXFileReference; fileEncoding = 4; lastKnownFileType = sourcecode.c.h; path = SWRevealViewController.h; sourceTree = "<group>"; };
		CC64ED2F22AC3B4E00EB5B14 /* sidemenu.png */ = {isa = PBXFileReference; lastKnownFileType = image.png; path = sidemenu.png; sourceTree = "<group>"; };
		CC64ED3222AC3BFE00EB5B14 /* FrontViewController.swift */ = {isa = PBXFileReference; lastKnownFileType = sourcecode.swift; path = FrontViewController.swift; sourceTree = "<group>"; };
/* End PBXFileReference section */

/* Begin PBXFrameworksBuildPhase section */
		CC64ED0F22AC3AA800EB5B14 /* Frameworks */ = {
			isa = PBXFrameworksBuildPhase;
			buildActionMask = 2147483647;
			files = (
			);
			runOnlyForDeploymentPostprocessing = 0;
		};
/* End PBXFrameworksBuildPhase section */

/* Begin PBXGroup section */
		CC64ED0922AC3AA800EB5B14 = {
			isa = PBXGroup;
			children = (
				CC64ED1422AC3AA800EB5B14 /* SideBar */,
				CC64ED1322AC3AA800EB5B14 /* Products */,
			);
			sourceTree = "<group>";
		};
		CC64ED1322AC3AA800EB5B14 /* Products */ = {
			isa = PBXGroup;
			children = (
				CC64ED1222AC3AA800EB5B14 /* SideBar.app */,
			);
			name = Products;
			sourceTree = "<group>";
		};
		CC64ED1422AC3AA800EB5B14 /* SideBar */ = {
			isa = PBXGroup;
			children = (
				CC64ED3122AC3B5100EB5B14 /* Resources */,
				CC64ED2D22AC3AF900EB5B14 /* SWRevealViewController.h */,
				CC64ED2C22AC3AF900EB5B14 /* SWRevealViewController.m */,
				CC64ED3222AC3BFE00EB5B14 /* FrontViewController.swift */,
				CC64ED1522AC3AA800EB5B14 /* AppDelegate.swift */,
				CC64ED1722AC3AA800EB5B14 /* ViewController.swift */,
				CC64ED1922AC3AA800EB5B14 /* Main.storyboard */,
				CC64ED1C22AC3AA900EB5B14 /* Assets.xcassets */,
				CC64ED1E22AC3AA900EB5B14 /* LaunchScreen.storyboard */,
				CC64ED2122AC3AA900EB5B14 /* Info.plist */,
				CC64ED2B22AC3AF800EB5B14 /* SideBar-Bridging-Header.h */,
			);
			path = SideBar;
			sourceTree = "<group>";
		};
		CC64ED3122AC3B5100EB5B14 /* Resources */ = {
			isa = PBXGroup;
			children = (
				CC64ED2F22AC3B4E00EB5B14 /* sidemenu.png */,
			);
			path = Resources;
			sourceTree = "<group>";
		};
/* End PBXGroup section */

/* Begin PBXNativeTarget section */
		CC64ED1122AC3AA800EB5B14 /* SideBar */ = {
			isa = PBXNativeTarget;
			buildConfigurationList = CC64ED2422AC3AA900EB5B14 /* Build configuration list for PBXNativeTarget "SideBar" */;
			buildPhases = (
				CC64ED0E22AC3AA800EB5B14 /* Sources */,
				CC64ED0F22AC3AA800EB5B14 /* Frameworks */,
				CC64ED1022AC3AA800EB5B14 /* Resources */,
			);
			buildRules = (
			);
			dependencies = (
			);
			name = SideBar;
			productName = SideBar;
			productReference = CC64ED1222AC3AA800EB5B14 /* SideBar.app */;
			productType = "com.apple.product-type.application";
		};
/* End PBXNativeTarget section */

/* Begin PBXProject section */
		CC64ED0A22AC3AA800EB5B14 /* Project object */ = {
			isa = PBXProject;
			attributes = {
				LastSwiftUpdateCheck = 1020;
				LastUpgradeCheck = 1020;
				ORGANIZATIONNAME = Yongwan;
				TargetAttributes = {
					CC64ED1122AC3AA800EB5B14 = {
						CreatedOnToolsVersion = 10.2.1;
						LastSwiftMigration = 1020;
					};
				};
			};
			buildConfigurationList = CC64ED0D22AC3AA800EB5B14 /* Build configuration list for PBXProject "SideBar" */;
			compatibilityVersion = "Xcode 9.3";
			developmentRegion = en;
			hasScannedForEncodings = 0;
			knownRegions = (
				en,
				Base,
			);
			mainGroup = CC64ED0922AC3AA800EB5B14;
			productRefGroup = CC64ED1322AC3AA800EB5B14 /* Products */;
			projectDirPath = "";
			projectRoot = "";
			targets = (
				CC64ED1122AC3AA800EB5B14 /* SideBar */,
			);
		};
/* End PBXProject section */

/* Begin PBXResourcesBuildPhase section */
		CC64ED1022AC3AA800EB5B14 /* Resources */ = {
			isa = PBXResourcesBuildPhase;
			buildActionMask = 2147483647;
			files = (
				CC64ED2022AC3AA900EB5B14 /* LaunchScreen.storyboard in Resources */,
				CC64ED3022AC3B4E00EB5B14 /* sidemenu.png in Resources */,
				CC64ED1D22AC3AA900EB5B14 /* Assets.xcassets in Resources */,
				CC64ED1B22AC3AA800EB5B14 /* Main.storyboard in Resources */,
			);
			runOnlyForDeploymentPostprocessing = 0;
		};
/* End PBXResourcesBuildPhase section */

/* Begin PBXSourcesBuildPhase section */
		CC64ED0E22AC3AA800EB5B14 /* Sources */ = {
			isa = PBXSourcesBuildPhase;
			buildActionMask = 2147483647;
			files = (
				CC64ED3322AC3BFE00EB5B14 /* FrontViewController.swift in Sources */,
				CC64ED1822AC3AA800EB5B14 /* ViewController.swift in Sources */,
				CC64ED1622AC3AA800EB5B14 /* AppDelegate.swift in Sources */,
				CC64ED2E22AC3AF900EB5B14 /* SWRevealViewController.m in Sources */,
			);
			runOnlyForDeploymentPostprocessing = 0;
		};
/* End PBXSourcesBuildPhase section */

/* Begin PBXVariantGroup section */
		CC64ED1922AC3AA800EB5B14 /* Main.storyboard */ = {
			isa = PBXVariantGroup;
			children = (
				CC64ED1A22AC3AA800EB5B14 /* Base */,
			);
			name = Main.storyboard;
			sourceTree = "<group>";
		};
		CC64ED1E22AC3AA900EB5B14 /* LaunchScreen.storyboard */ = {
			isa = PBXVariantGroup;
			children = (
				CC64ED1F22AC3AA900EB5B14 /* Base */,
			);
			name = LaunchScreen.storyboard;
			sourceTree = "<group>";
		};
/* End PBXVariantGroup section */

/* Begin XCBuildConfiguration section */
		CC64ED2222AC3AA900EB5B14 /* Debug */ = {
			isa = XCBuildConfiguration;
			buildSettings = {
				ALWAYS_SEARCH_USER_PATHS = NO;
				CLANG_ANALYZER_NONNULL = YES;
				CLANG_ANALYZER_NUMBER_OBJECT_CONVERSION = YES_AGGRESSIVE;
				CLANG_CXX_LANGUAGE_STANDARD = "gnu++14";
				CLANG_CXX_LIBRARY = "libc++";
				CLANG_ENABLE_MODULES = YES;
				CLANG_ENABLE_OBJC_ARC = YES;
				CLANG_ENABLE_OBJC_WEAK = YES;
				CLANG_WARN_BLOCK_CAPTURE_AUTORELEASING = YES;
				CLANG_WARN_BOOL_CONVERSION = YES;
				CLANG_WARN_COMMA = YES;
				CLANG_WARN_CONSTANT_CONVERSION = YES;
				CLANG_WARN_DEPRECATED_OBJC_IMPLEMENTATIONS = YES;
				CLANG_WARN_DIRECT_OBJC_ISA_USAGE = YES_ERROR;
				CLANG_WARN_DOCUMENTATION_COMMENTS = YES;
				CLANG_WARN_EMPTY_BODY = YES;
				CLANG_WARN_ENUM_CONVERSION = YES;
				CLANG_WARN_INFINITE_RECURSION = YES;
				CLANG_WARN_INT_CONVERSION = YES;
				CLANG_WARN_NON_LITERAL_NULL_CONVERSION = YES;
				CLANG_WARN_OBJC_IMPLICIT_RETAIN_SELF = YES;
				CLANG_WARN_OBJC_LITERAL_CONVERSION = YES;
				CLANG_WARN_OBJC_ROOT_CLASS = YES_ERROR;
				CLANG_WARN_RANGE_LOOP_ANALYSIS = YES;
				CLANG_WARN_STRICT_PROTOTYPES = YES;
				CLANG_WARN_SUSPICIOUS_MOVE = YES;
				CLANG_WARN_UNGUARDED_AVAILABILITY = YES_AGGRESSIVE;
				CLANG_WARN_UNREACHABLE_CODE = YES;
				CLANG_WARN__DUPLICATE_METHOD_MATCH = YES;
				CODE_SIGN_IDENTITY = "iPhone Developer";
				COPY_PHASE_STRIP = NO;
				DEBUG_INFORMATION_FORMAT = dwarf;
				ENABLE_STRICT_OBJC_MSGSEND = YES;
				ENABLE_TESTABILITY = YES;
				GCC_C_LANGUAGE_STANDARD = gnu11;
				GCC_DYNAMIC_NO_PIC = NO;
				GCC_NO_COMMON_BLOCKS = YES;
				GCC_OPTIMIZATION_LEVEL = 0;
				GCC_PREPROCESSOR_DEFINITIONS = (
					"DEBUG=1",
					"$(inherited)",
				);
				GCC_WARN_64_TO_32_BIT_CONVERSION = YES;
				GCC_WARN_ABOUT_RETURN_TYPE = YES_ERROR;
				GCC_WARN_UNDECLARED_SELECTOR = YES;
				GCC_WARN_UNINITIALIZED_AUTOS = YES_AGGRESSIVE;
				GCC_WARN_UNUSED_FUNCTION = YES;
				GCC_WARN_UNUSED_VARIABLE = YES;
				IPHONEOS_DEPLOYMENT_TARGET = 12.2;
				MTL_ENABLE_DEBUG_INFO = INCLUDE_SOURCE;
				MTL_FAST_MATH = YES;
				ONLY_ACTIVE_ARCH = YES;
				SDKROOT = iphoneos;
				SWIFT_ACTIVE_COMPILATION_CONDITIONS = DEBUG;
				SWIFT_OPTIMIZATION_LEVEL = "-Onone";
			};
			name = Debug;
		};
		CC64ED2322AC3AA900EB5B14 /* Release */ = {
			isa = XCBuildConfiguration;
			buildSettings = {
				ALWAYS_SEARCH_USER_PATHS = NO;
				CLANG_ANALYZER_NONNULL = YES;
				CLANG_ANALYZER_NUMBER_OBJECT_CONVERSION = YES_AGGRESSIVE;
				CLANG_CXX_LANGUAGE_STANDARD = "gnu++14";
				CLANG_CXX_LIBRARY = "libc++";
				CLANG_ENABLE_MODULES = YES;
				CLANG_ENABLE_OBJC_ARC = YES;
				CLANG_ENABLE_OBJC_WEAK = YES;
				CLANG_WARN_BLOCK_CAPTURE_AUTORELEASING = YES;
				CLANG_WARN_BOOL_CONVERSION = YES;
				CLANG_WARN_COMMA = YES;
				CLANG_WARN_CONSTANT_CONVERSION = YES;
				CLANG_WARN_DEPRECATED_OBJC_IMPLEMENTATIONS = YES;
				CLANG_WARN_DIRECT_OBJC_ISA_USAGE = YES_ERROR;
				CLANG_WARN_DOCUMENTATION_COMMENTS = YES;
				CLANG_WARN_EMPTY_BODY = YES;
				CLANG_WARN_ENUM_CONVERSION = YES;
				CLANG_WARN_INFINITE_RECURSION = YES;
				CLANG_WARN_INT_CONVERSION = YES;
				CLANG_WARN_NON_LITERAL_NULL_CONVERSION = YES;
				CLANG_WARN_OBJC_IMPLICIT_RETAIN_SELF = YES;
				CLANG_WARN_OBJC_LITERAL_CONVERSION = YES;
				CLANG_WARN_OBJC_ROOT_CLASS = YES_ERROR;
				CLANG_WARN_RANGE_LOOP_ANALYSIS = YES;
				CLANG_WARN_STRICT_PROTOTYPES = YES;
				CLANG_WARN_SUSPICIOUS_MOVE = YES;
				CLANG_WARN_UNGUARDED_AVAILABILITY = YES_AGGRESSIVE;
				CLANG_WARN_UNREACHABLE_CODE = YES;
				CLANG_WARN__DUPLICATE_METHOD_MATCH = YES;
				CODE_SIGN_IDENTITY = "iPhone Developer";
				COPY_PHASE_STRIP = NO;
				DEBUG_INFORMATION_FORMAT = "dwarf-with-dsym";
				ENABLE_NS_ASSERTIONS = NO;
				ENABLE_STRICT_OBJC_MSGSEND = YES;
				GCC_C_LANGUAGE_STANDARD = gnu11;
				GCC_NO_COMMON_BLOCKS = YES;
				GCC_WARN_64_TO_32_BIT_CONVERSION = YES;
				GCC_WARN_ABOUT_RETURN_TYPE = YES_ERROR;
				GCC_WARN_UNDECLARED_SELECTOR = YES;
				GCC_WARN_UNINITIALIZED_AUTOS = YES_AGGRESSIVE;
				GCC_WARN_UNUSED_FUNCTION = YES;
				GCC_WARN_UNUSED_VARIABLE = YES;
				IPHONEOS_DEPLOYMENT_TARGET = 12.2;
				MTL_ENABLE_DEBUG_INFO = NO;
				MTL_FAST_MATH = YES;
				SDKROOT = iphoneos;
				SWIFT_COMPILATION_MODE = wholemodule;
				SWIFT_OPTIMIZATION_LEVEL = "-O";
				VALIDATE_PRODUCT = YES;
			};
			name = Release;
		};
		CC64ED2522AC3AA900EB5B14 /* Debug */ = {
			isa = XCBuildConfiguration;
			buildSettings = {
				ASSETCATALOG_COMPILER_APPICON_NAME = AppIcon;
				CLANG_ENABLE_MODULES = YES;
				CODE_SIGN_STYLE = Automatic;
				INFOPLIST_FILE = SideBar/Info.plist;
				LD_RUNPATH_SEARCH_PATHS = (
					"$(inherited)",
					"@executable_path/Frameworks",
				);
				PRODUCT_BUNDLE_IDENTIFIER = net.wan.SideBar;
				PRODUCT_NAME = "$(TARGET_NAME)";
				SWIFT_OBJC_BRIDGING_HEADER = "SideBar/SideBar-Bridging-Header.h";
				SWIFT_OPTIMIZATION_LEVEL = "-Onone";
				SWIFT_VERSION = 5.0;
				TARGETED_DEVICE_FAMILY = "1,2";
			};
			name = Debug;
		};
		CC64ED2622AC3AA900EB5B14 /* Release */ = {
			isa = XCBuildConfiguration;
			buildSettings = {
				ASSETCATALOG_COMPILER_APPICON_NAME = AppIcon;
				CLANG_ENABLE_MODULES = YES;
				CODE_SIGN_STYLE = Automatic;
				INFOPLIST_FILE = SideBar/Info.plist;
				LD_RUNPATH_SEARCH_PATHS = (
					"$(inherited)",
					"@executable_path/Frameworks",
				);
				PRODUCT_BUNDLE_IDENTIFIER = net.wan.SideBar;
				PRODUCT_NAME = "$(TARGET_NAME)";
				SWIFT_OBJC_BRIDGING_HEADER = "SideBar/SideBar-Bridging-Header.h";
				SWIFT_VERSION = 5.0;
				TARGETED_DEVICE_FAMILY = "1,2";
			};
			name = Release;
		};
/* End XCBuildConfiguration section */

/* Begin XCConfigurationList section */
		CC64ED0D22AC3AA800EB5B14 /* Build configuration list for PBXProject "SideBar" */ = {
			isa = XCConfigurationList;
			buildConfigurations = (
				CC64ED2222AC3AA900EB5B14 /* Debug */,
				CC64ED2322AC3AA900EB5B14 /* Release */,
			);
			defaultConfigurationIsVisible = 0;
			defaultConfigurationName = Release;
		};
		CC64ED2422AC3AA900EB5B14 /* Build configuration list for PBXNativeTarget "SideBar" */ = {
			isa = XCConfigurationList;
			buildConfigurations = (
				CC64ED2522AC3AA900EB5B14 /* Debug */,
				CC64ED2622AC3AA900EB5B14 /* Release */,
			);
			defaultConfigurationIsVisible = 0;
			defaultConfigurationName = Release;
		};
/* End XCConfigurationList section */
	};
	rootObject = CC64ED0A22AC3AA800EB5B14 /* Project object */;
}
