// !$*UTF8*$!
{
	archiveVersion = 1;
	classes = {
	};
	objectVersion = 50;
	objects = {

/* Begin PBXBuildFile section */
		CC64ECE422AC18BF00EB5B14 /* AppDelegate.swift in Sources */ = {isa = PBXBuildFile; fileRef = CC64ECE322AC18BF00EB5B14 /* AppDelegate.swift */; };
		CC64ECE622AC18BF00EB5B14 /* ViewController.swift in Sources */ = {isa = PBXBuildFile; fileRef = CC64ECE522AC18BF00EB5B14 /* ViewController.swift */; };
		CC64ECE922AC18BF00EB5B14 /* Main.storyboard in Resources */ = {isa = PBXBuildFile; fileRef = CC64ECE722AC18BF00EB5B14 /* Main.storyboard */; };
		CC64ECEB22AC18BF00EB5B14 /* Assets.xcassets in Resources */ = {isa = PBXBuildFile; fileRef = CC64ECEA22AC18BF00EB5B14 /* Assets.xcassets */; };
		CC64ECEE22AC18BF00EB5B14 /* LaunchScreen.storyboard in Resources */ = {isa = PBXBuildFile; fileRef = CC64ECEC22AC18BF00EB5B14 /* LaunchScreen.storyboard */; };
		CC64ECF622AC191700EB5B14 /* CSStepper.swift in Sources */ = {isa = PBXBuildFile; fileRef = CC64ECF522AC191700EB5B14 /* CSStepper.swift */; };
/* End PBXBuildFile section */

/* Begin PBXFileReference section */
		CC64ECE022AC18BF00EB5B14 /* CSStepper.app */ = {isa = PBXFileReference; explicitFileType = wrapper.application; includeInIndex = 0; path = CSStepper.app; sourceTree = BUILT_PRODUCTS_DIR; };
		CC64ECE322AC18BF00EB5B14 /* AppDelegate.swift */ = {isa = PBXFileReference; lastKnownFileType = sourcecode.swift; path = AppDelegate.swift; sourceTree = "<group>"; };
		CC64ECE522AC18BF00EB5B14 /* ViewController.swift */ = {isa = PBXFileReference; lastKnownFileType = sourcecode.swift; path = ViewController.swift; sourceTree = "<group>"; };
		CC64ECE822AC18BF00EB5B14 /* Base */ = {isa = PBXFileReference; lastKnownFileType = file.storyboard; name = Base; path = Base.lproj/Main.storyboard; sourceTree = "<group>"; };
		CC64ECEA22AC18BF00EB5B14 /* Assets.xcassets */ = {isa = PBXFileReference; lastKnownFileType = folder.assetcatalog; path = Assets.xcassets; sourceTree = "<group>"; };
		CC64ECED22AC18BF00EB5B14 /* Base */ = {isa = PBXFileReference; lastKnownFileType = file.storyboard; name = Base; path = Base.lproj/LaunchScreen.storyboard; sourceTree = "<group>"; };
		CC64ECEF22AC18BF00EB5B14 /* Info.plist */ = {isa = PBXFileReference; lastKnownFileType = text.plist.xml; path = Info.plist; sourceTree = "<group>"; };
		CC64ECF522AC191700EB5B14 /* CSStepper.swift */ = {isa = PBXFileReference; lastKnownFileType = sourcecode.swift; path = CSStepper.swift; sourceTree = "<group>"; };
/* End PBXFileReference section */

/* Begin PBXFrameworksBuildPhase section */
		CC64ECDD22AC18BF00EB5B14 /* Frameworks */ = {
			isa = PBXFrameworksBuildPhase;
			buildActionMask = 2147483647;
			files = (
			);
			runOnlyForDeploymentPostprocessing = 0;
		};
/* End PBXFrameworksBuildPhase section */

/* Begin PBXGroup section */
		CC64ECD722AC18BF00EB5B14 = {
			isa = PBXGroup;
			children = (
				CC64ECE222AC18BF00EB5B14 /* CSStepper */,
				CC64ECE122AC18BF00EB5B14 /* Products */,
			);
			sourceTree = "<group>";
		};
		CC64ECE122AC18BF00EB5B14 /* Products */ = {
			isa = PBXGroup;
			children = (
				CC64ECE022AC18BF00EB5B14 /* CSStepper.app */,
			);
			name = Products;
			sourceTree = "<group>";
		};
		CC64ECE222AC18BF00EB5B14 /* CSStepper */ = {
			isa = PBXGroup;
			children = (
				CC64ECE322AC18BF00EB5B14 /* AppDelegate.swift */,
				CC64ECE522AC18BF00EB5B14 /* ViewController.swift */,
				CC64ECE722AC18BF00EB5B14 /* Main.storyboard */,
				CC64ECF522AC191700EB5B14 /* CSStepper.swift */,
				CC64ECEA22AC18BF00EB5B14 /* Assets.xcassets */,
				CC64ECEC22AC18BF00EB5B14 /* LaunchScreen.storyboard */,
				CC64ECEF22AC18BF00EB5B14 /* Info.plist */,
			);
			path = CSStepper;
			sourceTree = "<group>";
		};
/* End PBXGroup section */

/* Begin PBXNativeTarget section */
		CC64ECDF22AC18BF00EB5B14 /* CSStepper */ = {
			isa = PBXNativeTarget;
			buildConfigurationList = CC64ECF222AC18BF00EB5B14 /* Build configuration list for PBXNativeTarget "CSStepper" */;
			buildPhases = (
				CC64ECDC22AC18BF00EB5B14 /* Sources */,
				CC64ECDD22AC18BF00EB5B14 /* Frameworks */,
				CC64ECDE22AC18BF00EB5B14 /* Resources */,
			);
			buildRules = (
			);
			dependencies = (
			);
			name = CSStepper;
			productName = CSStepper;
			productReference = CC64ECE022AC18BF00EB5B14 /* CSStepper.app */;
			productType = "com.apple.product-type.application";
		};
/* End PBXNativeTarget section */

/* Begin PBXProject section */
		CC64ECD822AC18BF00EB5B14 /* Project object */ = {
			isa = PBXProject;
			attributes = {
				LastSwiftUpdateCheck = 1020;
				LastUpgradeCheck = 1020;
				ORGANIZATIONNAME = Yongwan;
				TargetAttributes = {
					CC64ECDF22AC18BF00EB5B14 = {
						CreatedOnToolsVersion = 10.2.1;
					};
				};
			};
			buildConfigurationList = CC64ECDB22AC18BF00EB5B14 /* Build configuration list for PBXProject "CSStepper" */;
			compatibilityVersion = "Xcode 9.3";
			developmentRegion = en;
			hasScannedForEncodings = 0;
			knownRegions = (
				en,
				Base,
			);
			mainGroup = CC64ECD722AC18BF00EB5B14;
			productRefGroup = CC64ECE122AC18BF00EB5B14 /* Products */;
			projectDirPath = "";
			projectRoot = "";
			targets = (
				CC64ECDF22AC18BF00EB5B14 /* CSStepper */,
			);
		};
/* End PBXProject section */

/* Begin PBXResourcesBuildPhase section */
		CC64ECDE22AC18BF00EB5B14 /* Resources */ = {
			isa = PBXResourcesBuildPhase;
			buildActionMask = 2147483647;
			files = (
				CC64ECEE22AC18BF00EB5B14 /* LaunchScreen.storyboard in Resources */,
				CC64ECEB22AC18BF00EB5B14 /* Assets.xcassets in Resources */,
				CC64ECE922AC18BF00EB5B14 /* Main.storyboard in Resources */,
			);
			runOnlyForDeploymentPostprocessing = 0;
		};
/* End PBXResourcesBuildPhase section */

/* Begin PBXSourcesBuildPhase section */
		CC64ECDC22AC18BF00EB5B14 /* Sources */ = {
			isa = PBXSourcesBuildPhase;
			buildActionMask = 2147483647;
			files = (
				CC64ECF622AC191700EB5B14 /* CSStepper.swift in Sources */,
				CC64ECE622AC18BF00EB5B14 /* ViewController.swift in Sources */,
				CC64ECE422AC18BF00EB5B14 /* AppDelegate.swift in Sources */,
			);
			runOnlyForDeploymentPostprocessing = 0;
		};
/* End PBXSourcesBuildPhase section */

/* Begin PBXVariantGroup section */
		CC64ECE722AC18BF00EB5B14 /* Main.storyboard */ = {
			isa = PBXVariantGroup;
			children = (
				CC64ECE822AC18BF00EB5B14 /* Base */,
			);
			name = Main.storyboard;
			sourceTree = "<group>";
		};
		CC64ECEC22AC18BF00EB5B14 /* LaunchScreen.storyboard */ = {
			isa = PBXVariantGroup;
			children = (
				CC64ECED22AC18BF00EB5B14 /* Base */,
			);
			name = LaunchScreen.storyboard;
			sourceTree = "<group>";
		};
/* End PBXVariantGroup section */

/* Begin XCBuildConfiguration section */
		CC64ECF022AC18BF00EB5B14 /* Debug */ = {
			isa = XCBuildConfiguration;
			buildSettings = {
				ALWAYS_SEARCH_USER_PATHS = NO;
				CLANG_ANALYZER_NONNULL = YES;
				CLANG_ANALYZER_NUMBER_OBJECT_CONVERSION = YES_AGGRESSIVE;
				CLANG_CXX_LANGUAGE_STANDARD = "gnu++14";
				CLANG_CXX_LIBRARY = "libc++";
				CLANG_ENABLE_MODULES = YES;
				CLANG_ENABLE_OBJC_ARC = YES;
				CLANG_ENABLE_OBJC_WEAK = YES;
				CLANG_WARN_BLOCK_CAPTURE_AUTORELEASING = YES;
				CLANG_WARN_BOOL_CONVERSION = YES;
				CLANG_WARN_COMMA = YES;
				CLANG_WARN_CONSTANT_CONVERSION = YES;
				CLANG_WARN_DEPRECATED_OBJC_IMPLEMENTATIONS = YES;
				CLANG_WARN_DIRECT_OBJC_ISA_USAGE = YES_ERROR;
				CLANG_WARN_DOCUMENTATION_COMMENTS = YES;
				CLANG_WARN_EMPTY_BODY = YES;
				CLANG_WARN_ENUM_CONVERSION = YES;
				CLANG_WARN_INFINITE_RECURSION = YES;
				CLANG_WARN_INT_CONVERSION = YES;
				CLANG_WARN_NON_LITERAL_NULL_CONVERSION = YES;
				CLANG_WARN_OBJC_IMPLICIT_RETAIN_SELF = YES;
				CLANG_WARN_OBJC_LITERAL_CONVERSION = YES;
				CLANG_WARN_OBJC_ROOT_CLASS = YES_ERROR;
				CLANG_WARN_RANGE_LOOP_ANALYSIS = YES;
				CLANG_WARN_STRICT_PROTOTYPES = YES;
				CLANG_WARN_SUSPICIOUS_MOVE = YES;
				CLANG_WARN_UNGUARDED_AVAILABILITY = YES_AGGRESSIVE;
				CLANG_WARN_UNREACHABLE_CODE = YES;
				CLANG_WARN__DUPLICATE_METHOD_MATCH = YES;
				CODE_SIGN_IDENTITY = "iPhone Developer";
				COPY_PHASE_STRIP = NO;
				DEBUG_INFORMATION_FORMAT = dwarf;
				ENABLE_STRICT_OBJC_MSGSEND = YES;
				ENABLE_TESTABILITY = YES;
				GCC_C_LANGUAGE_STANDARD = gnu11;
				GCC_DYNAMIC_NO_PIC = NO;
				GCC_NO_COMMON_BLOCKS = YES;
				GCC_OPTIMIZATION_LEVEL = 0;
				GCC_PREPROCESSOR_DEFINITIONS = (
					"DEBUG=1",
					"$(inherited)",
				);
				GCC_WARN_64_TO_32_BIT_CONVERSION = YES;
				GCC_WARN_ABOUT_RETURN_TYPE = YES_ERROR;
				GCC_WARN_UNDECLARED_SELECTOR = YES;
				GCC_WARN_UNINITIALIZED_AUTOS = YES_AGGRESSIVE;
				GCC_WARN_UNUSED_FUNCTION = YES;
				GCC_WARN_UNUSED_VARIABLE = YES;
				IPHONEOS_DEPLOYMENT_TARGET = 12.2;
				MTL_ENABLE_DEBUG_INFO = INCLUDE_SOURCE;
				MTL_FAST_MATH = YES;
				ONLY_ACTIVE_ARCH = YES;
				SDKROOT = iphoneos;
				SWIFT_ACTIVE_COMPILATION_CONDITIONS = DEBUG;
				SWIFT_OPTIMIZATION_LEVEL = "-Onone";
			};
			name = Debug;
		};
		CC64ECF122AC18BF00EB5B14 /* Release */ = {
			isa = XCBuildConfiguration;
			buildSettings = {
				ALWAYS_SEARCH_USER_PATHS = NO;
				CLANG_ANALYZER_NONNULL = YES;
				CLANG_ANALYZER_NUMBER_OBJECT_CONVERSION = YES_AGGRESSIVE;
				CLANG_CXX_LANGUAGE_STANDARD = "gnu++14";
				CLANG_CXX_LIBRARY = "libc++";
				CLANG_ENABLE_MODULES = YES;
				CLANG_ENABLE_OBJC_ARC = YES;
				CLANG_ENABLE_OBJC_WEAK = YES;
				CLANG_WARN_BLOCK_CAPTURE_AUTORELEASING = YES;
				CLANG_WARN_BOOL_CONVERSION = YES;
				CLANG_WARN_COMMA = YES;
				CLANG_WARN_CONSTANT_CONVERSION = YES;
				CLANG_WARN_DEPRECATED_OBJC_IMPLEMENTATIONS = YES;
				CLANG_WARN_DIRECT_OBJC_ISA_USAGE = YES_ERROR;
				CLANG_WARN_DOCUMENTATION_COMMENTS = YES;
				CLANG_WARN_EMPTY_BODY = YES;
				CLANG_WARN_ENUM_CONVERSION = YES;
				CLANG_WARN_INFINITE_RECURSION = YES;
				CLANG_WARN_INT_CONVERSION = YES;
				CLANG_WARN_NON_LITERAL_NULL_CONVERSION = YES;
				CLANG_WARN_OBJC_IMPLICIT_RETAIN_SELF = YES;
				CLANG_WARN_OBJC_LITERAL_CONVERSION = YES;
				CLANG_WARN_OBJC_ROOT_CLASS = YES_ERROR;
				CLANG_WARN_RANGE_LOOP_ANALYSIS = YES;
				CLANG_WARN_STRICT_PROTOTYPES = YES;
				CLANG_WARN_SUSPICIOUS_MOVE = YES;
				CLANG_WARN_UNGUARDED_AVAILABILITY = YES_AGGRESSIVE;
				CLANG_WARN_UNREACHABLE_CODE = YES;
				CLANG_WARN__DUPLICATE_METHOD_MATCH = YES;
				CODE_SIGN_IDENTITY = "iPhone Developer";
				COPY_PHASE_STRIP = NO;
				DEBUG_INFORMATION_FORMAT = "dwarf-with-dsym";
				ENABLE_NS_ASSERTIONS = NO;
				ENABLE_STRICT_OBJC_MSGSEND = YES;
				GCC_C_LANGUAGE_STANDARD = gnu11;
				GCC_NO_COMMON_BLOCKS = YES;
				GCC_WARN_64_TO_32_BIT_CONVERSION = YES;
				GCC_WARN_ABOUT_RETURN_TYPE = YES_ERROR;
				GCC_WARN_UNDECLARED_SELECTOR = YES;
				GCC_WARN_UNINITIALIZED_AUTOS = YES_AGGRESSIVE;
				GCC_WARN_UNUSED_FUNCTION = YES;
				GCC_WARN_UNUSED_VARIABLE = YES;
				IPHONEOS_DEPLOYMENT_TARGET = 12.2;
				MTL_ENABLE_DEBUG_INFO = NO;
				MTL_FAST_MATH = YES;
				SDKROOT = iphoneos;
				SWIFT_COMPILATION_MODE = wholemodule;
				SWIFT_OPTIMIZATION_LEVEL = "-O";
				VALIDATE_PRODUCT = YES;
			};
			name = Release;
		};
		CC64ECF322AC18BF00EB5B14 /* Debug */ = {
			isa = XCBuildConfiguration;
			buildSettings = {
				ASSETCATALOG_COMPILER_APPICON_NAME = AppIcon;
				CODE_SIGN_STYLE = Automatic;
				INFOPLIST_FILE = CSStepper/Info.plist;
				LD_RUNPATH_SEARCH_PATHS = (
					"$(inherited)",
					"@executable_path/Frameworks",
				);
				PRODUCT_BUNDLE_IDENTIFIER = net.wan.CSStepper;
				PRODUCT_NAME = "$(TARGET_NAME)";
				SWIFT_VERSION = 5.0;
				TARGETED_DEVICE_FAMILY = "1,2";
			};
			name = Debug;
		};
		CC64ECF422AC18BF00EB5B14 /* Release */ = {
			isa = XCBuildConfiguration;
			buildSettings = {
				ASSETCATALOG_COMPILER_APPICON_NAME = AppIcon;
				CODE_SIGN_STYLE = Automatic;
				INFOPLIST_FILE = CSStepper/Info.plist;
				LD_RUNPATH_SEARCH_PATHS = (
					"$(inherited)",
					"@executable_path/Frameworks",
				);
				PRODUCT_BUNDLE_IDENTIFIER = net.wan.CSStepper;
				PRODUCT_NAME = "$(TARGET_NAME)";
				SWIFT_VERSION = 5.0;
				TARGETED_DEVICE_FAMILY = "1,2";
			};
			name = Release;
		};
/* End XCBuildConfiguration section */

/* Begin XCConfigurationList section */
		CC64ECDB22AC18BF00EB5B14 /* Build configuration list for PBXProject "CSStepper" */ = {
			isa = XCConfigurationList;
			buildConfigurations = (
				CC64ECF022AC18BF00EB5B14 /* Debug */,
				CC64ECF122AC18BF00EB5B14 /* Release */,
			);
			defaultConfigurationIsVisible = 0;
			defaultConfigurationName = Release;
		};
		CC64ECF222AC18BF00EB5B14 /* Build configuration list for PBXNativeTarget "CSStepper" */ = {
			isa = XCConfigurationList;
			buildConfigurations = (
				CC64ECF322AC18BF00EB5B14 /* Debug */,
				CC64ECF422AC18BF00EB5B14 /* Release */,
			);
			defaultConfigurationIsVisible = 0;
			defaultConfigurationName = Release;
		};
/* End XCConfigurationList section */
	};
	rootObject = CC64ECD822AC18BF00EB5B14 /* Project object */;
}
